// !$*UTF8*$!
{
	archiveVersion = 1;
	classes = {
	};
	objectVersion = 50;
	objects = {

/* Begin PBXBuildFile section */
		FEC82F152366C3550080D145 /* AppDelegate.swift in Sources */ = {isa = PBXBuildFile; fileRef = FEC82F142366C3550080D145 /* AppDelegate.swift */; };
		FEC82F172366C3550080D145 /* SceneDelegate.swift in Sources */ = {isa = PBXBuildFile; fileRef = FEC82F162366C3550080D145 /* SceneDelegate.swift */; };
		FEC82F192366C3550080D145 /* ViewController.swift in Sources */ = {isa = PBXBuildFile; fileRef = FEC82F182366C3550080D145 /* ViewController.swift */; };
		FEC82F1C2366C3550080D145 /* Main.storyboard in Resources */ = {isa = PBXBuildFile; fileRef = FEC82F1A2366C3550080D145 /* Main.storyboard */; };
		FEC82F1E2366C35B0080D145 /* Assets.xcassets in Resources */ = {isa = PBXBuildFile; fileRef = FEC82F1D2366C35B0080D145 /* Assets.xcassets */; };
		FEC82F212366C35B0080D145 /* LaunchScreen.storyboard in Resources */ = {isa = PBXBuildFile; fileRef = FEC82F1F2366C35B0080D145 /* LaunchScreen.storyboard */; };
/* End PBXBuildFile section */

/* Begin PBXFileReference section */
		FEC82F112366C3550080D145 /* JSONSample.app */ = {isa = PBXFileReference; explicitFileType = wrapper.application; includeInIndex = 0; path = JSONSample.app; sourceTree = BUILT_PRODUCTS_DIR; };
		FEC82F142366C3550080D145 /* AppDelegate.swift */ = {isa = PBXFileReference; lastKnownFileType = sourcecode.swift; path = AppDelegate.swift; sourceTree = "<group>"; };
		FEC82F162366C3550080D145 /* SceneDelegate.swift */ = {isa = PBXFileReference; lastKnownFileType = sourcecode.swift; path = SceneDelegate.swift; sourceTree = "<group>"; };
		FEC82F182366C3550080D145 /* ViewController.swift */ = {isa = PBXFileReference; lastKnownFileType = sourcecode.swift; path = ViewController.swift; sourceTree = "<group>"; };
		FEC82F1B2366C3550080D145 /* Base */ = {isa = PBXFileReference; lastKnownFileType = file.storyboard; name = Base; path = Base.lproj/Main.storyboard; sourceTree = "<group>"; };
		FEC82F1D2366C35B0080D145 /* Assets.xcassets */ = {isa = PBXFileReference; lastKnownFileType = folder.assetcatalog; path = Assets.xcassets; sourceTree = "<group>"; };
		FEC82F202366C35B0080D145 /* Base */ = {isa = PBXFileReference; lastKnownFileType = file.storyboard; name = Base; path = Base.lproj/LaunchScreen.storyboard; sourceTree = "<group>"; };
		FEC82F222366C35B0080D145 /* Info.plist */ = {isa = PBXFileReference; lastKnownFileType = text.plist.xml; path = Info.plist; sourceTree = "<group>"; };
/* End PBXFileReference section */

/* Begin PBXFrameworksBuildPhase section */
		FEC82F0E2366C3550080D145 /* Frameworks */ = {
			isa = PBXFrameworksBuildPhase;
			buildActionMask = 2147483647;
			files = (
			);
			runOnlyForDeploymentPostprocessing = 0;
		};
/* End PBXFrameworksBuildPhase section */

/* Begin PBXGroup section */
		FEC82F082366C3550080D145 = {
			isa = PBXGroup;
			children = (
				FEC82F132366C3550080D145 /* JSONSample */,
				FEC82F122366C3550080D145 /* Products */,
			);
			sourceTree = "<group>";
		};
		FEC82F122366C3550080D145 /* Products */ = {
			isa = PBXGroup;
			children = (
				FEC82F112366C3550080D145 /* JSONSample.app */,
			);
			name = Products;
			sourceTree = "<group>";
		};
		FEC82F132366C3550080D145 /* JSONSample */ = {
			isa = PBXGroup;
			children = (
				FEC82F142366C3550080D145 /* AppDelegate.swift */,
				FEC82F162366C3550080D145 /* SceneDelegate.swift */,
				FEC82F182366C3550080D145 /* ViewController.swift */,
				FEC82F1A2366C3550080D145 /* Main.storyboard */,
				FEC82F1D2366C35B0080D145 /* Assets.xcassets */,
				FEC82F1F2366C35B0080D145 /* LaunchScreen.storyboard */,
				FEC82F222366C35B0080D145 /* Info.plist */,
			);
			path = JSONSample;
			sourceTree = "<group>";
		};
/* End PBXGroup section */

/* Begin PBXNativeTarget section */
		FEC82F102366C3550080D145 /* JSONSample */ = {
			isa = PBXNativeTarget;
			buildConfigurationList = FEC82F252366C35B0080D145 /* Build configuration list for PBXNativeTarget "JSONSample" */;
			buildPhases = (
				FEC82F0D2366C3550080D145 /* Sources */,
				FEC82F0E2366C3550080D145 /* Frameworks */,
				FEC82F0F2366C3550080D145 /* Resources */,
			);
			buildRules = (
			);
			dependencies = (
			);
			name = JSONSample;
			productName = JSONSample;
			productReference = FEC82F112366C3550080D145 /* JSONSample.app */;
			productType = "com.apple.product-type.application";
		};
/* End PBXNativeTarget section */

/* Begin PBXProject section */
		FEC82F092366C3550080D145 /* Project object */ = {
			isa = PBXProject;
			attributes = {
				LastSwiftUpdateCheck = 1110;
				LastUpgradeCheck = 1110;
				ORGANIZATIONNAME = "Tsuyoshi Nagasaka";
				TargetAttributes = {
					FEC82F102366C3550080D145 = {
						CreatedOnToolsVersion = 11.1;
					};
				};
			};
			buildConfigurationList = FEC82F0C2366C3550080D145 /* Build configuration list for PBXProject "JSONSample" */;
			compatibilityVersion = "Xcode 9.3";
			developmentRegion = en;
			hasScannedForEncodings = 0;
			knownRegions = (
				en,
				Base,
			);
			mainGroup = FEC82F082366C3550080D145;
			productRefGroup = FEC82F122366C3550080D145 /* Products */;
			projectDirPath = "";
			projectRoot = "";
			targets = (
				FEC82F102366C3550080D145 /* JSONSample */,
			);
		};
/* End PBXProject section */

/* Begin PBXResourcesBuildPhase section */
		FEC82F0F2366C3550080D145 /* Resources */ = {
			isa = PBXResourcesBuildPhase;
			buildActionMask = 2147483647;
			files = (
				FEC82F212366C35B0080D145 /* LaunchScreen.storyboard in Resources */,
				FEC82F1E2366C35B0080D145 /* Assets.xcassets in Resources */,
				FEC82F1C2366C3550080D145 /* Main.storyboard in Resources */,
			);
			runOnlyForDeploymentPostprocessing = 0;
		};
/* End PBXResourcesBuildPhase section */

/* Begin PBXSourcesBuildPhase section */
		FEC82F0D2366C3550080D145 /* Sources */ = {
			isa = PBXSourcesBuildPhase;
			buildActionMask = 2147483647;
			files = (
				FEC82F192366C3550080D145 /* ViewController.swift in Sources */,
				FEC82F152366C3550080D145 /* AppDelegate.swift in Sources */,
				FEC82F172366C3550080D145 /* SceneDelegate.swift in Sources */,
			);
			runOnlyForDeploymentPostprocessing = 0;
		};
/* End PBXSourcesBuildPhase section */

/* Begin PBXVariantGroup section */
		FEC82F1A2366C3550080D145 /* Main.storyboard */ = {
			isa = PBXVariantGroup;
			children = (
				FEC82F1B2366C3550080D145 /* Base */,
			);
			name = Main.storyboard;
			sourceTree = "<group>";
		};
		FEC82F1F2366C35B0080D145 /* LaunchScreen.storyboard */ = {
			isa = PBXVariantGroup;
			children = (
				FEC82F202366C35B0080D145 /* Base */,
			);
			name = LaunchScreen.storyboard;
			sourceTree = "<group>";
		};
/* End PBXVariantGroup section */

/* Begin XCBuildConfiguration section */
		FEC82F232366C35B0080D145 /* Debug */ = {
			isa = XCBuildConfiguration;
			buildSettings = {
				ALWAYS_SEARCH_USER_PATHS = NO;
				CLANG_ANALYZER_NONNULL = YES;
				CLANG_ANALYZER_NUMBER_OBJECT_CONVERSION = YES_AGGRESSIVE;
				CLANG_CXX_LANGUAGE_STANDARD = "gnu++14";
				CLANG_CXX_LIBRARY = "libc++";
				CLANG_ENABLE_MODULES = YES;
				CLANG_ENABLE_OBJC_ARC = YES;
				CLANG_ENABLE_OBJC_WEAK = YES;
				CLANG_WARN_BLOCK_CAPTURE_AUTORELEASING = YES;
				CLANG_WARN_BOOL_CONVERSION = YES;
				CLANG_WARN_COMMA = YES;
				CLANG_WARN_CONSTANT_CONVERSION = YES;
				CLANG_WARN_DEPRECATED_OBJC_IMPLEMENTATIONS = YES;
				CLANG_WARN_DIRECT_OBJC_ISA_USAGE = YES_ERROR;
				CLANG_WARN_DOCUMENTATION_COMMENTS = YES;
				CLANG_WARN_EMPTY_BODY = YES;
				CLANG_WARN_ENUM_CONVERSION = YES;
				CLANG_WARN_INFINITE_RECURSION = YES;
				CLANG_WARN_INT_CONVERSION = YES;
				CLANG_WARN_NON_LITERAL_NULL_CONVERSION = YES;
				CLANG_WARN_OBJC_IMPLICIT_RETAIN_SELF = YES;
				CLANG_WARN_OBJC_LITERAL_CONVERSION = YES;
				CLANG_WARN_OBJC_ROOT_CLASS = YES_ERROR;
				CLANG_WARN_RANGE_LOOP_ANALYSIS = YES;
				CLANG_WARN_STRICT_PROTOTYPES = YES;
				CLANG_WARN_SUSPICIOUS_MOVE = YES;
				CLANG_WARN_UNGUARDED_AVAILABILITY = YES_AGGRESSIVE;
				CLANG_WARN_UNREACHABLE_CODE = YES;
				CLANG_WARN__DUPLICATE_METHOD_MATCH = YES;
				COPY_PHASE_STRIP = NO;
				DEBUG_INFORMATION_FORMAT = dwarf;
				ENABLE_STRICT_OBJC_MSGSEND = YES;
				ENABLE_TESTABILITY = YES;
				GCC_C_LANGUAGE_STANDARD = gnu11;
				GCC_DYNAMIC_NO_PIC = NO;
				GCC_NO_COMMON_BLOCKS = YES;
				GCC_OPTIMIZATION_LEVEL = 0;
				GCC_PREPROCESSOR_DEFINITIONS = (
					"DEBUG=1",
					"$(inherited)",
				);
				GCC_WARN_64_TO_32_BIT_CONVERSION = YES;
				GCC_WARN_ABOUT_RETURN_TYPE = YES_ERROR;
				GCC_WARN_UNDECLARED_SELECTOR = YES;
				GCC_WARN_UNINITIALIZED_AUTOS = YES_AGGRESSIVE;
				GCC_WARN_UNUSED_FUNCTION = YES;
				GCC_WARN_UNUSED_VARIABLE = YES;
				IPHONEOS_DEPLOYMENT_TARGET = 13.1;
				MTL_ENABLE_DEBUG_INFO = INCLUDE_SOURCE;
				MTL_FAST_MATH = YES;
				ONLY_ACTIVE_ARCH = YES;
				SDKROOT = iphoneos;
				SWIFT_ACTIVE_COMPILATION_CONDITIONS = DEBUG;
				SWIFT_OPTIMIZATION_LEVEL = "-Onone";
			};
			name = Debug;
		};
		FEC82F242366C35B0080D145 /* Release */ = {
			isa = XCBuildConfiguration;
			buildSettings = {
				ALWAYS_SEARCH_USER_PATHS = NO;
				CLANG_ANALYZER_NONNULL = YES;
				CLANG_ANALYZER_NUMBER_OBJECT_CONVERSION = YES_AGGRESSIVE;
				CLANG_CXX_LANGUAGE_STANDARD = "gnu++14";
				CLANG_CXX_LIBRARY = "libc++";
				CLANG_ENABLE_MODULES = YES;
				CLANG_ENABLE_OBJC_ARC = YES;
				CLANG_ENABLE_OBJC_WEAK = YES;
				CLANG_WARN_BLOCK_CAPTURE_AUTORELEASING = YES;
				CLANG_WARN_BOOL_CONVERSION = YES;
				CLANG_WARN_COMMA = YES;
				CLANG_WARN_CONSTANT_CONVERSION = YES;
				CLANG_WARN_DEPRECATED_OBJC_IMPLEMENTATIONS = YES;
				CLANG_WARN_DIRECT_OBJC_ISA_USAGE = YES_ERROR;
				CLANG_WARN_DOCUMENTATION_COMMENTS = YES;
				CLANG_WARN_EMPTY_BODY = YES;
				CLANG_WARN_ENUM_CONVERSION = YES;
				CLANG_WARN_INFINITE_RECURSION = YES;
				CLANG_WARN_INT_CONVERSION = YES;
				CLANG_WARN_NON_LITERAL_NULL_CONVERSION = YES;
				CLANG_WARN_OBJC_IMPLICIT_RETAIN_SELF = YES;
				CLANG_WARN_OBJC_LITERAL_CONVERSION = YES;
				CLANG_WARN_OBJC_ROOT_CLASS = YES_ERROR;
				CLANG_WARN_RANGE_LOOP_ANALYSIS = YES;
				CLANG_WARN_STRICT_PROTOTYPES = YES;
				CLANG_WARN_SUSPICIOUS_MOVE = YES;
				CLANG_WARN_UNGUARDED_AVAILABILITY = YES_AGGRESSIVE;
				CLANG_WARN_UNREACHABLE_CODE = YES;
				CLANG_WARN__DUPLICATE_METHOD_MATCH = YES;
				COPY_PHASE_STRIP = NO;
				DEBUG_INFORMATION_FORMAT = "dwarf-with-dsym";
				ENABLE_NS_ASSERTIONS = NO;
				ENABLE_STRICT_OBJC_MSGSEND = YES;
				GCC_C_LANGUAGE_STANDARD = gnu11;
				GCC_NO_COMMON_BLOCKS = YES;
				GCC_WARN_64_TO_32_BIT_CONVERSION = YES;
				GCC_WARN_ABOUT_RETURN_TYPE = YES_ERROR;
				GCC_WARN_UNDECLARED_SELECTOR = YES;
				GCC_WARN_UNINITIALIZED_AUTOS = YES_AGGRESSIVE;
				GCC_WARN_UNUSED_FUNCTION = YES;
				GCC_WARN_UNUSED_VARIABLE = YES;
				IPHONEOS_DEPLOYMENT_TARGET = 13.1;
				MTL_ENABLE_DEBUG_INFO = NO;
				MTL_FAST_MATH = YES;
				SDKROOT = iphoneos;
				SWIFT_COMPILATION_MODE = wholemodule;
				SWIFT_OPTIMIZATION_LEVEL = "-O";
				VALIDATE_PRODUCT = YES;
			};
			name = Release;
		};
		FEC82F262366C35B0080D145 /* Debug */ = {
			isa = XCBuildConfiguration;
			buildSettings = {
				ASSETCATALOG_COMPILER_APPICON_NAME = AppIcon;
				CODE_SIGN_STYLE = Automatic;
				INFOPLIST_FILE = JSONSample/Info.plist;
				LD_RUNPATH_SEARCH_PATHS = (
					"$(inherited)",
					"@executable_path/Frameworks",
				);
				PRODUCT_BUNDLE_IDENTIFIER = com.gmail.tnaga244bn.JSONSample;
				PRODUCT_NAME = "$(TARGET_NAME)";
				SWIFT_VERSION = 5.0;
				TARGETED_DEVICE_FAMILY = "1,2";
			};
			name = Debug;
		};
		FEC82F272366C35B0080D145 /* Release */ = {
			isa = XCBuildConfiguration;
			buildSettings = {
				ASSETCATALOG_COMPILER_APPICON_NAME = AppIcon;
				CODE_SIGN_STYLE = Automatic;
				INFOPLIST_FILE = JSONSample/Info.plist;
				LD_RUNPATH_SEARCH_PATHS = (
					"$(inherited)",
					"@executable_path/Frameworks",
				);
				PRODUCT_BUNDLE_IDENTIFIER = com.gmail.tnaga244bn.JSONSample;
				PRODUCT_NAME = "$(TARGET_NAME)";
				SWIFT_VERSION = 5.0;
				TARGETED_DEVICE_FAMILY = "1,2";
			};
			name = Release;
		};
/* End XCBuildConfiguration section */

/* Begin XCConfigurationList section */
		FEC82F0C2366C3550080D145 /* Build configuration list for PBXProject "JSONSample" */ = {
			isa = XCConfigurationList;
			buildConfigurations = (
				FEC82F232366C35B0080D145 /* Debug */,
				FEC82F242366C35B0080D145 /* Release */,
			);
			defaultConfigurationIsVisible = 0;
			defaultConfigurationName = Release;
		};
		FEC82F252366C35B0080D145 /* Build configuration list for PBXNativeTarget "JSONSample" */ = {
			isa = XCConfigurationList;
			buildConfigurations = (
				FEC82F262366C35B0080D145 /* Debug */,
				FEC82F272366C35B0080D145 /* Release */,
			);
			defaultConfigurationIsVisible = 0;
			defaultConfigurationName = Release;
		};
/* End XCConfigurationList section */
	};
	rootObject = FEC82F092366C3550080D145 /* Project object */;
}
